
Microsoft Visual Studio Solution File, Format Version 12.00
# Visual Studio Version 17
VisualStudioVersion = 17.9.34607.119
MinimumVisualStudioVersion = 10.0.40219.1
Project("{FAE04EC0-301F-11D3-BF4B-00C04F79EFBC}") = "Application", "Application\Application.csproj", "{478A7901-4044-469D-A844-C193EF7CF712}"
EndProject
Project("{FAE04EC0-301F-11D3-BF4B-00C04F79EFBC}") = "Infrastructure", "Infrastructure\Infrastructure.csproj", "{AF08206A-2D28-4088-80A4-1E3CB2B00062}"
EndProject
Project("{FAE04EC0-301F-11D3-BF4B-00C04F79EFBC}") = "Domain", "Domain\Domain.csproj", "{BB366746-0D32-461A-8393-B8C6A3DF38C4}"
EndProject
Project("{FAE04EC0-301F-11D3-BF4B-00C04F79EFBC}") = "WebUI", "WebUI\WebUI.csproj", "{B635B1A9-461B-4B1B-8758-019292112ACA}"
EndProject
Global
	GlobalSection(SolutionConfigurationPlatforms) = preSolution
		Debug|Any CPU = Debug|Any CPU
		Release|Any CPU = Release|Any CPU
	EndGlobalSection
	GlobalSection(ProjectConfigurationPlatforms) = postSolution
		{478A7901-4044-469D-A844-C193EF7CF712}.Debug|Any CPU.ActiveCfg = Debug|Any CPU
		{478A7901-4044-469D-A844-C193EF7CF712}.Debug|Any CPU.Build.0 = Debug|Any CPU
		{478A7901-4044-469D-A844-C193EF7CF712}.Release|Any CPU.ActiveCfg = Release|Any CPU
		{478A7901-4044-469D-A844-C193EF7CF712}.Release|Any CPU.Build.0 = Release|Any CPU
		{AF08206A-2D28-4088-80A4-1E3CB2B00062}.Debug|Any CPU.ActiveCfg = Debug|Any CPU
		{AF08206A-2D28-4088-80A4-1E3CB2B00062}.Debug|Any CPU.Build.0 = Debug|Any CPU
		{AF08206A-2D28-4088-80A4-1E3CB2B00062}.Release|Any CPU.ActiveCfg = Release|Any CPU
		{AF08206A-2D28-4088-80A4-1E3CB2B00062}.Release|Any CPU.Build.0 = Release|Any CPU
		{BB366746-0D32-461A-8393-B8C6A3DF38C4}.Debug|Any CPU.ActiveCfg = Debug|Any CPU
		{BB366746-0D32-461A-8393-B8C6A3DF38C4}.Debug|Any CPU.Build.0 = Debug|Any CPU
		{BB366746-0D32-461A-8393-B8C6A3DF38C4}.Release|Any CPU.ActiveCfg = Release|Any CPU
		{BB366746-0D32-461A-8393-B8C6A3DF38C4}.Release|Any CPU.Build.0 = Release|Any CPU
		{B635B1A9-461B-4B1B-8758-019292112ACA}.Debug|Any CPU.ActiveCfg = Debug|Any CPU
		{B635B1A9-461B-4B1B-8758-019292112ACA}.Debug|Any CPU.Build.0 = Debug|Any CPU
		{B635B1A9-461B-4B1B-8758-019292112ACA}.Release|Any CPU.ActiveCfg = Release|Any CPU
		{B635B1A9-461B-4B1B-8758-019292112ACA}.Release|Any CPU.Build.0 = Release|Any CPU
	EndGlobalSection
	GlobalSection(SolutionProperties) = preSolution
		HideSolutionNode = FALSE
	EndGlobalSection
	GlobalSection(ExtensibilityGlobals) = postSolution
		SolutionGuid = {088EF1EE-F611-437E-9D6D-0A7F3050A636}
	EndGlobalSection
EndGlobal
